Microsoft Visual Studio Solution File, Format Version 12.00
# Visual Studio 15
VisualStudioVersion = 15.0.27703.2042
MinimumVisualStudioVersion = 10.0.40219.1
Project("{8BC9CEB8-8B4A-11D0-8D11-00A0C91BC942}") = "discord_archiver", "discord_archiver\discord_archiver.vcxproj", "{606775B6-6FF6-4119-AF4B-3BBE401092E5}"
EndProject
Global
	GlobalSection(SolutionConfigurationPlatforms) = preSolution
		Debug|ARM = Debug|ARM
		Debug|VisualGDB = Debug|VisualGDB
		Debug|x64 = Debug|x64
		Debug|x86 = Debug|x86
		Release|ARM = Release|ARM
		Release|VisualGDB = Release|VisualGDB
		Release|x64 = Release|x64
		Release|x86 = Release|x86
	EndGlobalSection
	GlobalSection(ProjectConfigurationPlatforms) = postSolution
		{606775B6-6FF6-4119-AF4B-3BBE401092E5}.Debug|ARM.ActiveCfg = Debug|ARM
		{606775B6-6FF6-4119-AF4B-3BBE401092E5}.Debug|ARM.Build.0 = Debug|ARM
		{606775B6-6FF6-4119-AF4B-3BBE401092E5}.Debug|VisualGDB.ActiveCfg = Debug|VisualGDB
		{606775B6-6FF6-4119-AF4B-3BBE401092E5}.Debug|VisualGDB.Build.0 = Debug|VisualGDB
		{606775B6-6FF6-4119-AF4B-3BBE401092E5}.Debug|x64.ActiveCfg = Debug|x64
		{606775B6-6FF6-4119-AF4B-3BBE401092E5}.Debug|x64.Build.0 = Debug|x64
		{606775B6-6FF6-4119-AF4B-3BBE401092E5}.Debug|x86.ActiveCfg = Debug|Win32
		{606775B6-6FF6-4119-AF4B-3BBE401092E5}.Debug|x86.Build.0 = Debug|Win32
		{606775B6-6FF6-4119-AF4B-3BBE401092E5}.Release|ARM.ActiveCfg = Release|ARM
		{606775B6-6FF6-4119-AF4B-3BBE401092E5}.Release|ARM.Build.0 = Release|ARM
		{606775B6-6FF6-4119-AF4B-3BBE401092E5}.Release|VisualGDB.ActiveCfg = Release|VisualGDB
		{606775B6-6FF6-4119-AF4B-3BBE401092E5}.Release|VisualGDB.Build.0 = Release|VisualGDB
		{606775B6-6FF6-4119-AF4B-3BBE401092E5}.Release|x64.ActiveCfg = Release|x64
		{606775B6-6FF6-4119-AF4B-3BBE401092E5}.Release|x64.Build.0 = Release|x64
		{606775B6-6FF6-4119-AF4B-3BBE401092E5}.Release|x86.ActiveCfg = Release|Win32
		{606775B6-6FF6-4119-AF4B-3BBE401092E5}.Release|x86.Build.0 = Release|Win32
	EndGlobalSection
	GlobalSection(SolutionProperties) = preSolution
		HideSolutionNode = FALSE
	EndGlobalSection
	GlobalSection(ExtensibilityGlobals) = postSolution
		SolutionGuid = {78481D8A-F909-40B8-90C8-72D56D12AE7B}
	EndGlobalSection
EndGlobal
